
Microsoft Visual Studio Solution File, Format Version 12.00
# Visual Studio Version 16
VisualStudioVersion = 16.0.30523.141
MinimumVisualStudioVersion = 10.0.40219.1
Project("{FAE04EC0-301F-11D3-BF4B-00C04F79EFBC}") = "Han.Wpf.Core.ViewportControl", "Han.Wpf.Core.ViewportControl\Han.Wpf.Core.ViewportControl.csproj", "{C98C1109-CB65-4AB4-B59E-C1960A55B164}"
EndProject
Project("{FAE04EC0-301F-11D3-BF4B-00C04F79EFBC}") = "Han.Wpf.Core.ViewportControl.Demo", "Han.Wpf.Core.ViewportControl.Demo\Han.Wpf.Core.ViewportControl.Demo.csproj", "{F74934CA-DA58-4AEA-9236-AFCC8BF1E79D}"
EndProject
Global
	GlobalSection(SolutionConfigurationPlatforms) = preSolution
		Debug|Any CPU = Debug|Any CPU
		Release|Any CPU = Release|Any CPU
	EndGlobalSection
	GlobalSection(ProjectConfigurationPlatforms) = postSolution
		{C98C1109-CB65-4AB4-B59E-C1960A55B164}.Debug|Any CPU.ActiveCfg = Debug|Any CPU
		{C98C1109-CB65-4AB4-B59E-C1960A55B164}.Debug|Any CPU.Build.0 = Debug|Any CPU
		{C98C1109-CB65-4AB4-B59E-C1960A55B164}.Release|Any CPU.ActiveCfg = Release|Any CPU
		{C98C1109-CB65-4AB4-B59E-C1960A55B164}.Release|Any CPU.Build.0 = Release|Any CPU
		{F74934CA-DA58-4AEA-9236-AFCC8BF1E79D}.Debug|Any CPU.ActiveCfg = Debug|Any CPU
		{F74934CA-DA58-4AEA-9236-AFCC8BF1E79D}.Debug|Any CPU.Build.0 = Debug|Any CPU
		{F74934CA-DA58-4AEA-9236-AFCC8BF1E79D}.Release|Any CPU.ActiveCfg = Release|Any CPU
		{F74934CA-DA58-4AEA-9236-AFCC8BF1E79D}.Release|Any CPU.Build.0 = Release|Any CPU
	EndGlobalSection
	GlobalSection(SolutionProperties) = preSolution
		HideSolutionNode = FALSE
	EndGlobalSection
	GlobalSection(ExtensibilityGlobals) = postSolution
		SolutionGuid = {D798C08A-80E6-4A63-BBC6-A39E9146C82B}
	EndGlobalSection
EndGlobal
